
Microsoft Visual Studio Solution File, Format Version 12.00
# Visual Studio 15
VisualStudioVersion = 15.0.27004.2009
MinimumVisualStudioVersion = 10.0.40219.1
Project("{FAE04EC0-301F-11D3-BF4B-00C04F79EFBC}") = "calculator(simple)", "Button\calculator(simple).csproj", "{59376853-93C3-46D4-AD4F-88EEAB62E91C}"
EndProject
Global
	GlobalSection(SolutionConfigurationPlatforms) = preSolution
		Debug|Any CPU = Debug|Any CPU
		Release|Any CPU = Release|Any CPU
	EndGlobalSection
	GlobalSection(ProjectConfigurationPlatforms) = postSolution
		{59376853-93C3-46D4-AD4F-88EEAB62E91C}.Debug|Any CPU.ActiveCfg = Debug|Any CPU
		{59376853-93C3-46D4-AD4F-88EEAB62E91C}.Debug|Any CPU.Build.0 = Debug|Any CPU
		{59376853-93C3-46D4-AD4F-88EEAB62E91C}.Release|Any CPU.ActiveCfg = Release|Any CPU
		{59376853-93C3-46D4-AD4F-88EEAB62E91C}.Release|Any CPU.Build.0 = Release|Any CPU
	EndGlobalSection
	GlobalSection(SolutionProperties) = preSolution
		HideSolutionNode = FALSE
	EndGlobalSection
	GlobalSection(ExtensibilityGlobals) = postSolution
		SolutionGuid = {4022E0BA-7456-4161-836E-10D120C1BD15}
	EndGlobalSection
EndGlobal
